
Microsoft Visual Studio Solution File, Format Version 12.00
# Visual Studio Version 16
VisualStudioVersion = 16.0.31729.503
MinimumVisualStudioVersion = 10.0.40219.1
Project("{FAE04EC0-301F-11D3-BF4B-00C04F79EFBC}") = "IntroAPIM", "IntroAPIM\IntroAPIM.csproj", "{7C67F611-9AFA-462F-9FB4-B3DE18E1145E}"
EndProject
Global
	GlobalSection(SolutionConfigurationPlatforms) = preSolution
		Debug|Any CPU = Debug|Any CPU
		Release|Any CPU = Release|Any CPU
	EndGlobalSection
	GlobalSection(ProjectConfigurationPlatforms) = postSolution
		{7C67F611-9AFA-462F-9FB4-B3DE18E1145E}.Debug|Any CPU.ActiveCfg = Debug|Any CPU
		{7C67F611-9AFA-462F-9FB4-B3DE18E1145E}.Debug|Any CPU.Build.0 = Debug|Any CPU
		{7C67F611-9AFA-462F-9FB4-B3DE18E1145E}.Release|Any CPU.ActiveCfg = Release|Any CPU
		{7C67F611-9AFA-462F-9FB4-B3DE18E1145E}.Release|Any CPU.Build.0 = Release|Any CPU
	EndGlobalSection
	GlobalSection(SolutionProperties) = preSolution
		HideSolutionNode = FALSE
	EndGlobalSection
	GlobalSection(ExtensibilityGlobals) = postSolution
		SolutionGuid = {C336DAD1-C25A-4987-A907-F66C8DD850C8}
	EndGlobalSection
EndGlobal
